dependencies:
  espressif/cmake_utilities:
    component_hash: 351350613ceafba240b761b4ea991e0f231ac7a9f59a9ee901f751bddc0bb18f
    source:
      service_url: https://api.components.espressif.com/
      type: service
    version: 0.5.3
  idf:
    component_hash: null
    source:
      type: idf
    version: 5.1.2
manifest_hash: 5499a9a87899b79cea249098be86750c1b8bd44e27221f8717c7ff634cc0166d
target: esp32
version: 1.0.0
