dependencies:
  espressif/cmake_utilities:
    component_hash: 351350613ceafba240b761b4ea991e0f231ac7a9f59a9ee901f751bddc0bb18f
    source:
      service_url: https://api.components.espressif.com/
      type: service
    version: 0.5.3
  idf:
    component_hash: null
    source:
      type: idf
    version: 5.1.2
manifest_hash: ae18f471e330e99f549cefb2935255b538714b62d0979f796a5c6c5ff2f542ac
target: esp32
version: 1.0.0
